
Microsoft Visual Studio Solution File, Format Version 12.00
# Visual Studio 15
VisualStudioVersion = 15.0.27004.2009
MinimumVisualStudioVersion = 10.0.40219.1
Project("{FAE04EC0-301F-11D3-BF4B-00C04F79EFBC}") = "EduRPG", "EduRPG\EduRPG.csproj", "{DB5F36C2-F849-4A5E-8544-A29FF571B4E6}"
EndProject
Project("{FAE04EC0-301F-11D3-BF4B-00C04F79EFBC}") = "Engine", "Engine\Engine.csproj", "{91DE3A81-096D-40C7-8EE9-6685282CA22F}"
EndProject
Global
	GlobalSection(SolutionConfigurationPlatforms) = preSolution
		Debug|Any CPU = Debug|Any CPU
		Release|Any CPU = Release|Any CPU
	EndGlobalSection
	GlobalSection(ProjectConfigurationPlatforms) = postSolution
		{DB5F36C2-F849-4A5E-8544-A29FF571B4E6}.Debug|Any CPU.ActiveCfg = Debug|Any CPU
		{DB5F36C2-F849-4A5E-8544-A29FF571B4E6}.Debug|Any CPU.Build.0 = Debug|Any CPU
		{DB5F36C2-F849-4A5E-8544-A29FF571B4E6}.Release|Any CPU.ActiveCfg = Release|Any CPU
		{DB5F36C2-F849-4A5E-8544-A29FF571B4E6}.Release|Any CPU.Build.0 = Release|Any CPU
		{91DE3A81-096D-40C7-8EE9-6685282CA22F}.Debug|Any CPU.ActiveCfg = Debug|Any CPU
		{91DE3A81-096D-40C7-8EE9-6685282CA22F}.Debug|Any CPU.Build.0 = Debug|Any CPU
		{91DE3A81-096D-40C7-8EE9-6685282CA22F}.Release|Any CPU.ActiveCfg = Release|Any CPU
		{91DE3A81-096D-40C7-8EE9-6685282CA22F}.Release|Any CPU.Build.0 = Release|Any CPU
	EndGlobalSection
	GlobalSection(SolutionProperties) = preSolution
		HideSolutionNode = FALSE
	EndGlobalSection
	GlobalSection(ExtensibilityGlobals) = postSolution
		SolutionGuid = {D2F7BA7B-D390-469F-B94B-371452D01940}
	EndGlobalSection
EndGlobal
